{
  "name": "developers",
  "version": "0.0.1",
  "lockfileVersion": 3,
  "requires": true,
  "packages": {
    "": {
      "name": "developers",
      "version": "0.0.1",
      "hasInstallScript": true,
      "devDependencies": {
        "rumdl": "0.2.27"
      }
    },
    "node_modules/@rumdl/cli-darwin-arm64": {
      "version": "0.2.27",
      "resolved": "https://registry.npmjs.org/@rumdl/cli-darwin-arm64/-/cli-darwin-arm64-0.2.27.tgz",
      "integrity": "sha512-orXZKZTL2nEVCOzvEguQlmc64VELnJhxajQhoaU3GzxjJfcYQxrhByyP9nRlBY/xUVji+r5DUBSjGU8neX/pjQ==",
      "cpu": [
        "arm64"
      ],
      "dev": true,
      "license": "MIT",
      "optional": true,
      "os": [
        "darwin"
      ],
      "engines": {
        "node": ">=18.0.0"
      }
    },
    "node_modules/@rumdl/cli-darwin-x64": {
      "version": "0.2.27",
      "resolved": "https://registry.npmjs.org/@rumdl/cli-darwin-x64/-/cli-darwin-x64-0.2.27.tgz",
      "integrity": "sha512-8E3QwzD9LjA008NRIo+3ciiUmqN+fckrXNMfhw1p5n97dB67+xZs2VXYul40sKFT6NUhUJ4IC8aF22fLgnD05w==",
      "cpu": [
        "x64"
      ],
      "dev": true,
      "license": "MIT",
      "optional": true,
      "os": [
        "darwin"
      ],
      "engines": {
        "node": ">=18.0.0"
      }
    },
    "node_modules/@rumdl/cli-linux-arm64": {
      "version": "0.2.27",
      "resolved": "https://registry.npmjs.org/@rumdl/cli-linux-arm64/-/cli-linux-arm64-0.2.27.tgz",
      "integrity": "sha512-GOiNbRyliUFyHkbFte/zEQM8i7cgglDTjFthKf51UutGJmndNBH6z8CCrPEwVg8hQKc3Z+vqPI1A6WTnsmfViQ==",
      "cpu": [
        "arm64"
      ],
      "dev": true,
      "license": "MIT",
      "optional": true,
      "os": [
        "linux"
      ],
      "engines": {
        "node": ">=18.0.0"
      }
    },
    "node_modules/@rumdl/cli-linux-arm64-musl": {
      "version": "0.2.27",
      "resolved": "https://registry.npmjs.org/@rumdl/cli-linux-arm64-musl/-/cli-linux-arm64-musl-0.2.27.tgz",
      "integrity": "sha512-jdjTqzYgpyEMuQ4WVjDqEodpBMXRN9apNkkF8QmfdwIOVzqKHbFWgunBOGq7B5aVKrIJ6gT6OhoJ4ma5gAlLoA==",
      "cpu": [
        "arm64"
      ],
      "dev": true,
      "license": "MIT",
      "optional": true,
      "os": [
        "linux"
      ],
      "engines": {
        "node": ">=18.0.0"
      }
    },
    "node_modules/@rumdl/cli-linux-x64": {
      "version": "0.2.27",
      "resolved": "https://registry.npmjs.org/@rumdl/cli-linux-x64/-/cli-linux-x64-0.2.27.tgz",
      "integrity": "sha512-90ZMOv5KoB05I9D0lXAgKrB7top2Vhuu5aHvyj8cP8CZQHE86sw6Wj+1VMpnaLRit+S3cZXfhv8wXJUEe67upw==",
      "cpu": [
        "x64"
      ],
      "dev": true,
      "license": "MIT",
      "optional": true,
      "os": [
        "linux"
      ],
      "engines": {
        "node": ">=18.0.0"
      }
    },
    "node_modules/@rumdl/cli-linux-x64-musl": {
      "version": "0.2.27",
      "resolved": "https://registry.npmjs.org/@rumdl/cli-linux-x64-musl/-/cli-linux-x64-musl-0.2.27.tgz",
      "integrity": "sha512-Nr1w3mY1CslMCNN/F7uR7Fyal5rc0D7YLb/8Bil/fk3gPAG9qK23cb2F6lfgjAZP+hH0rA9Wyp9LiQHRVGc/ug==",
      "cpu": [
        "x64"
      ],
      "dev": true,
      "license": "MIT",
      "optional": true,
      "os": [
        "linux"
      ],
      "engines": {
        "node": ">=18.0.0"
      }
    },
    "node_modules/@rumdl/cli-win32-x64": {
      "version": "0.2.27",
      "resolved": "https://registry.npmjs.org/@rumdl/cli-win32-x64/-/cli-win32-x64-0.2.27.tgz",
      "integrity": "sha512-rUgXKqukPyhLLR7/MClKZ4EWHo/4MGX/9zD2tGew/sKFUtaA7xnd/VOeVKgMA7+lJevuGs9g++5xRw1WI2oqDw==",
      "cpu": [
        "x64"
      ],
      "dev": true,
      "license": "MIT",
      "optional": true,
      "os": [
        "win32"
      ],
      "engines": {
        "node": ">=18.0.0"
      }
    },
    "node_modules/rumdl": {
      "version": "0.2.27",
      "resolved": "https://registry.npmjs.org/rumdl/-/rumdl-0.2.27.tgz",
      "integrity": "sha512-Y4av1JJloDhpd4F+FC7NgNN6g5FA/uMMKFtn6QmF0yFuk+IlB21A/OLXVE6RgRqxo3dZSV3yWl/wgVPbuEQcog==",
      "dev": true,
      "license": "MIT",
      "bin": {
        "rumdl": "bin/rumdl"
      },
      "engines": {
        "node": ">=18.0.0"
      },
      "optionalDependencies": {
        "@rumdl/cli-darwin-arm64": "0.2.27",
        "@rumdl/cli-darwin-x64": "0.2.27",
        "@rumdl/cli-linux-arm64": "0.2.27",
        "@rumdl/cli-linux-arm64-musl": "0.2.27",
        "@rumdl/cli-linux-x64": "0.2.27",
        "@rumdl/cli-linux-x64-musl": "0.2.27",
        "@rumdl/cli-win32-x64": "0.2.27"
      }
    }
  }
}
