{
  "name": "developers",
  "version": "0.0.1",
  "lockfileVersion": 3,
  "requires": true,
  "packages": {
    "": {
      "name": "developers",
      "version": "0.0.1",
      "hasInstallScript": true,
      "devDependencies": {
        "lefthook": "2.1.14",
        "rumdl": "0.2.27"
      }
    },
    "node_modules/@rumdl/cli-darwin-arm64": {
      "version": "0.2.27",
      "resolved": "https://registry.npmjs.org/@rumdl/cli-darwin-arm64/-/cli-darwin-arm64-0.2.27.tgz",
      "integrity": "sha512-orXZKZTL2nEVCOzvEguQlmc64VELnJhxajQhoaU3GzxjJfcYQxrhByyP9nRlBY/xUVji+r5DUBSjGU8neX/pjQ==",
      "cpu": [
        "arm64"
      ],
      "dev": true,
      "license": "MIT",
      "optional": true,
      "os": [
        "darwin"
      ],
      "engines": {
        "node": ">=18.0.0"
      }
    },
    "node_modules/@rumdl/cli-darwin-x64": {
      "version": "0.2.27",
      "resolved": "https://registry.npmjs.org/@rumdl/cli-darwin-x64/-/cli-darwin-x64-0.2.27.tgz",
      "integrity": "sha512-8E3QwzD9LjA008NRIo+3ciiUmqN+fckrXNMfhw1p5n97dB67+xZs2VXYul40sKFT6NUhUJ4IC8aF22fLgnD05w==",
      "cpu": [
        "x64"
      ],
      "dev": true,
      "license": "MIT",
      "optional": true,
      "os": [
        "darwin"
      ],
      "engines": {
        "node": ">=18.0.0"
      }
    },
    "node_modules/@rumdl/cli-linux-arm64": {
      "version": "0.2.27",
      "resolved": "https://registry.npmjs.org/@rumdl/cli-linux-arm64/-/cli-linux-arm64-0.2.27.tgz",
      "integrity": "sha512-GOiNbRyliUFyHkbFte/zEQM8i7cgglDTjFthKf51UutGJmndNBH6z8CCrPEwVg8hQKc3Z+vqPI1A6WTnsmfViQ==",
      "cpu": [
        "arm64"
      ],
      "dev": true,
      "license": "MIT",
      "optional": true,
      "os": [
        "linux"
      ],
      "engines": {
        "node": ">=18.0.0"
      }
    },
    "node_modules/@rumdl/cli-linux-arm64-musl": {
      "version": "0.2.27",
      "resolved": "https://registry.npmjs.org/@rumdl/cli-linux-arm64-musl/-/cli-linux-arm64-musl-0.2.27.tgz",
      "integrity": "sha512-jdjTqzYgpyEMuQ4WVjDqEodpBMXRN9apNkkF8QmfdwIOVzqKHbFWgunBOGq7B5aVKrIJ6gT6OhoJ4ma5gAlLoA==",
      "cpu": [
        "arm64"
      ],
      "dev": true,
      "license": "MIT",
      "optional": true,
      "os": [
        "linux"
      ],
      "engines": {
        "node": ">=18.0.0"
      }
    },
    "node_modules/@rumdl/cli-linux-x64": {
      "version": "0.2.27",
      "resolved": "https://registry.npmjs.org/@rumdl/cli-linux-x64/-/cli-linux-x64-0.2.27.tgz",
      "integrity": "sha512-90ZMOv5KoB05I9D0lXAgKrB7top2Vhuu5aHvyj8cP8CZQHE86sw6Wj+1VMpnaLRit+S3cZXfhv8wXJUEe67upw==",
      "cpu": [
        "x64"
      ],
      "dev": true,
      "license": "MIT",
      "optional": true,
      "os": [
        "linux"
      ],
      "engines": {
        "node": ">=18.0.0"
      }
    },
    "node_modules/@rumdl/cli-linux-x64-musl": {
      "version": "0.2.27",
      "resolved": "https://registry.npmjs.org/@rumdl/cli-linux-x64-musl/-/cli-linux-x64-musl-0.2.27.tgz",
      "integrity": "sha512-Nr1w3mY1CslMCNN/F7uR7Fyal5rc0D7YLb/8Bil/fk3gPAG9qK23cb2F6lfgjAZP+hH0rA9Wyp9LiQHRVGc/ug==",
      "cpu": [
        "x64"
      ],
      "dev": true,
      "license": "MIT",
      "optional": true,
      "os": [
        "linux"
      ],
      "engines": {
        "node": ">=18.0.0"
      }
    },
    "node_modules/@rumdl/cli-win32-x64": {
      "version": "0.2.27",
      "resolved": "https://registry.npmjs.org/@rumdl/cli-win32-x64/-/cli-win32-x64-0.2.27.tgz",
      "integrity": "sha512-rUgXKqukPyhLLR7/MClKZ4EWHo/4MGX/9zD2tGew/sKFUtaA7xnd/VOeVKgMA7+lJevuGs9g++5xRw1WI2oqDw==",
      "cpu": [
        "x64"
      ],
      "dev": true,
      "license": "MIT",
      "optional": true,
      "os": [
        "win32"
      ],
      "engines": {
        "node": ">=18.0.0"
      }
    },
    "node_modules/lefthook": {
      "version": "2.1.14",
      "resolved": "https://registry.npmjs.org/lefthook/-/lefthook-2.1.14.tgz",
      "integrity": "sha512-Y9TL1dmpRlIdSp73SJ6bb+xAZ4s2SinGTK3pgC9PRWMSjMr2iOfowPGnlSOfAo5fu6S5rdiItsQDxeLEWCGk4g==",
      "dev": true,
      "hasInstallScript": true,
      "license": "MIT",
      "bin": {
        "lefthook": "bin/index.js"
      },
      "optionalDependencies": {
        "lefthook-darwin-arm64": "2.1.14",
        "lefthook-darwin-x64": "2.1.14",
        "lefthook-freebsd-arm64": "2.1.14",
        "lefthook-freebsd-x64": "2.1.14",
        "lefthook-linux-arm64": "2.1.14",
        "lefthook-linux-x64": "2.1.14",
        "lefthook-openbsd-arm64": "2.1.14",
        "lefthook-openbsd-x64": "2.1.14",
        "lefthook-windows-arm64": "2.1.14",
        "lefthook-windows-x64": "2.1.14"
      }
    },
    "node_modules/lefthook-darwin-arm64": {
      "version": "2.1.14",
      "resolved": "https://registry.npmjs.org/lefthook-darwin-arm64/-/lefthook-darwin-arm64-2.1.14.tgz",
      "integrity": "sha512-VMUAqY81+8ph7Mc0iROd3JWqj2sOuK7SYDyd8ZgzYVKChCt+Nnz8ehd4gUwprJy7QI28IFSUh1M3wnIRiYh+fA==",
      "cpu": [
        "arm64"
      ],
      "dev": true,
      "license": "MIT",
      "optional": true,
      "os": [
        "darwin"
      ]
    },
    "node_modules/lefthook-darwin-x64": {
      "version": "2.1.14",
      "resolved": "https://registry.npmjs.org/lefthook-darwin-x64/-/lefthook-darwin-x64-2.1.14.tgz",
      "integrity": "sha512-uSmjcPRU+yB+D6vk+u6WJDnyHlB+XIv1QZw97N2+qNGG2bNSLH/7MuJ6puCdJv+lVPBEO5wBjE3JIbaEzPOQCw==",
      "cpu": [
        "x64"
      ],
      "dev": true,
      "license": "MIT",
      "optional": true,
      "os": [
        "darwin"
      ]
    },
    "node_modules/lefthook-freebsd-arm64": {
      "version": "2.1.14",
      "resolved": "https://registry.npmjs.org/lefthook-freebsd-arm64/-/lefthook-freebsd-arm64-2.1.14.tgz",
      "integrity": "sha512-po/pmjbp/7BjE9RFfeDnh+CeNsA0d+utppOYKB425I7mgI1GcmT8GAZ9DDut4DIutNjVqKL/lzrj+F87Gm40Rg==",
      "cpu": [
        "arm64"
      ],
      "dev": true,
      "license": "MIT",
      "optional": true,
      "os": [
        "freebsd"
      ]
    },
    "node_modules/lefthook-freebsd-x64": {
      "version": "2.1.14",
      "resolved": "https://registry.npmjs.org/lefthook-freebsd-x64/-/lefthook-freebsd-x64-2.1.14.tgz",
      "integrity": "sha512-+KiXiFjJf7YdHUYjzhDsklcA5bAFZN+pNcz/NbBftrhVTwzNALNoK+SYEKt+9QJsrzL6tpDWmHHFpeLGp+8t8w==",
      "cpu": [
        "x64"
      ],
      "dev": true,
      "license": "MIT",
      "optional": true,
      "os": [
        "freebsd"
      ]
    },
    "node_modules/lefthook-linux-arm64": {
      "version": "2.1.14",
      "resolved": "https://registry.npmjs.org/lefthook-linux-arm64/-/lefthook-linux-arm64-2.1.14.tgz",
      "integrity": "sha512-bjeJB16ftJaPWGTedssh8ZrqRy1ACfQuTV7a0O3NU1FoIsJtfHOm0o0mV4cPf4q+ZCVCwq1Xf2I11qUpuJFV4Q==",
      "cpu": [
        "arm64"
      ],
      "dev": true,
      "license": "MIT",
      "optional": true,
      "os": [
        "linux"
      ]
    },
    "node_modules/lefthook-linux-x64": {
      "version": "2.1.14",
      "resolved": "https://registry.npmjs.org/lefthook-linux-x64/-/lefthook-linux-x64-2.1.14.tgz",
      "integrity": "sha512-gYExzjU2w3uKrP1MklbHENS1cXUdCQRIiEJkykI7q4RjhIHi+mQEUAZLxZw93a6jE2pNWaO0me5tB8EbEt4/GQ==",
      "cpu": [
        "x64"
      ],
      "dev": true,
      "license": "MIT",
      "optional": true,
      "os": [
        "linux"
      ]
    },
    "node_modules/lefthook-openbsd-arm64": {
      "version": "2.1.14",
      "resolved": "https://registry.npmjs.org/lefthook-openbsd-arm64/-/lefthook-openbsd-arm64-2.1.14.tgz",
      "integrity": "sha512-MCW76gTlEMBF3Ds8O63UTxjaSguha/5zT0U3Vr719I1sXueSpttfRmm/5YfIB4MygB116yA/Vi+DsizT/X0kcg==",
      "cpu": [
        "arm64"
      ],
      "dev": true,
      "license": "MIT",
      "optional": true,
      "os": [
        "openbsd"
      ]
    },
    "node_modules/lefthook-openbsd-x64": {
      "version": "2.1.14",
      "resolved": "https://registry.npmjs.org/lefthook-openbsd-x64/-/lefthook-openbsd-x64-2.1.14.tgz",
      "integrity": "sha512-salAc1PAhLI6xrB9pth5UxALQlTOGvZAfaAvgFwixhkdu8D//uW8zS3faFq31ktd1bDAy5wDI8p9yg+fF5+2uA==",
      "cpu": [
        "x64"
      ],
      "dev": true,
      "license": "MIT",
      "optional": true,
      "os": [
        "openbsd"
      ]
    },
    "node_modules/lefthook-windows-arm64": {
      "version": "2.1.14",
      "resolved": "https://registry.npmjs.org/lefthook-windows-arm64/-/lefthook-windows-arm64-2.1.14.tgz",
      "integrity": "sha512-q3JC6lBrYLzkhXEhfnmFxJF47gSd5JeDweH3aNrHoLGX/KkRiOrk9RSyoRwSuGq03EYxSkJhl1FLj2GUxF7VqQ==",
      "cpu": [
        "arm64"
      ],
      "dev": true,
      "license": "MIT",
      "optional": true,
      "os": [
        "win32"
      ]
    },
    "node_modules/lefthook-windows-x64": {
      "version": "2.1.14",
      "resolved": "https://registry.npmjs.org/lefthook-windows-x64/-/lefthook-windows-x64-2.1.14.tgz",
      "integrity": "sha512-WwIxdwW1lDAaJUU3ETcKlCtdqluGr3Cy+LjKvP4QIQnFf0FEXL78THstIkZ6k6qhfUn7/WvyqSIf0cbTAKw2nQ==",
      "cpu": [
        "x64"
      ],
      "dev": true,
      "license": "MIT",
      "optional": true,
      "os": [
        "win32"
      ]
    },
    "node_modules/rumdl": {
      "version": "0.2.27",
      "resolved": "https://registry.npmjs.org/rumdl/-/rumdl-0.2.27.tgz",
      "integrity": "sha512-Y4av1JJloDhpd4F+FC7NgNN6g5FA/uMMKFtn6QmF0yFuk+IlB21A/OLXVE6RgRqxo3dZSV3yWl/wgVPbuEQcog==",
      "dev": true,
      "license": "MIT",
      "bin": {
        "rumdl": "bin/rumdl"
      },
      "engines": {
        "node": ">=18.0.0"
      },
      "optionalDependencies": {
        "@rumdl/cli-darwin-arm64": "0.2.27",
        "@rumdl/cli-darwin-x64": "0.2.27",
        "@rumdl/cli-linux-arm64": "0.2.27",
        "@rumdl/cli-linux-arm64-musl": "0.2.27",
        "@rumdl/cli-linux-x64": "0.2.27",
        "@rumdl/cli-linux-x64-musl": "0.2.27",
        "@rumdl/cli-win32-x64": "0.2.27"
      }
    }
  }
}
